// !$*UTF8*$!
{
	archiveVersion = 1;
	classes = {
	};
	objectVersion = 46;
	objects = {

/* Begin PBXBuildFile section */
		C5196C1C19474D320012205E /* Player.cpp in Sources */ = {isa = PBXBuildFile; fileRef = C5196C1A19474D320012205E /* Player.cpp */; };
		C52B75F61943F5AA00EC718C /* Field.cpp in Sources */ = {isa = PBXBuildFile; fileRef = C52B75F41943F5AA00EC718C /* Field.cpp */; };
		C52B75F91943F5C000EC718C /* Side.cpp in Sources */ = {isa = PBXBuildFile; fileRef = C52B75F71943F5C000EC718C /* Side.cpp */; };
		C52B75FC1943F5CE00EC718C /* Slot.cpp in Sources */ = {isa = PBXBuildFile; fileRef = C52B75FA1943F5CE00EC718C /* Slot.cpp */; };
		C52B76021945276100EC718C /* Item.cpp in Sources */ = {isa = PBXBuildFile; fileRef = C52B76001945276100EC718C /* Item.cpp */; };
		C54260C11941C324005DB564 /* utilities.cpp in Sources */ = {isa = PBXBuildFile; fileRef = C54260BF1941C324005DB564 /* utilities.cpp */; };
		C57F36EF194E826D0086E9D4 /* Computer.cpp in Sources */ = {isa = PBXBuildFile; fileRef = C57F36ED194E826D0086E9D4 /* Computer.cpp */; };
		C5D1866417B1BE73003709FB /* main.cpp in Sources */ = {isa = PBXBuildFile; fileRef = C5D1866317B1BE73003709FB /* main.cpp */; };
		C5E4DE1218C4878A00CB715A /* Battle.cpp in Sources */ = {isa = PBXBuildFile; fileRef = C5E4DE1018C4878A00CB715A /* Battle.cpp */; };
		C5E4DE1518C4879900CB715A /* Pokemon.cpp in Sources */ = {isa = PBXBuildFile; fileRef = C5E4DE1318C4879900CB715A /* Pokemon.cpp */; };
		C5E4DE1818C487A900CB715A /* Move.cpp in Sources */ = {isa = PBXBuildFile; fileRef = C5E4DE1618C487A900CB715A /* Move.cpp */; };
		C5E4DE1B18C487B700CB715A /* Trainer.cpp in Sources */ = {isa = PBXBuildFile; fileRef = C5E4DE1918C487B700CB715A /* Trainer.cpp */; };
		C5F849761946C4410074DFCF /* Cocoa.framework in Frameworks */ = {isa = PBXBuildFile; fileRef = C5F849751946C4410074DFCF /* Cocoa.framework */; };
		C5F849801946C4410074DFCF /* InfoPlist.strings in Resources */ = {isa = PBXBuildFile; fileRef = C5F8497E1946C4410074DFCF /* InfoPlist.strings */; };
		C5F849821946C4410074DFCF /* main.m in Sources */ = {isa = PBXBuildFile; fileRef = C5F849811946C4410074DFCF /* main.m */; };
		C5F849861946C4410074DFCF /* Credits.rtf in Resources */ = {isa = PBXBuildFile; fileRef = C5F849841946C4410074DFCF /* Credits.rtf */; };
		C5F849891946C4410074DFCF /* AppDelegate.m in Sources */ = {isa = PBXBuildFile; fileRef = C5F849881946C4410074DFCF /* AppDelegate.m */; };
		C5F8498C1946C4410074DFCF /* MainMenu.xib in Resources */ = {isa = PBXBuildFile; fileRef = C5F8498A1946C4410074DFCF /* MainMenu.xib */; };
		C5F8498E1946C4410074DFCF /* Images.xcassets in Resources */ = {isa = PBXBuildFile; fileRef = C5F8498D1946C4410074DFCF /* Images.xcassets */; };
		C5F849951946C4410074DFCF /* XCTest.framework in Frameworks */ = {isa = PBXBuildFile; fileRef = C5F849941946C4410074DFCF /* XCTest.framework */; };
		C5F849961946C4410074DFCF /* Cocoa.framework in Frameworks */ = {isa = PBXBuildFile; fileRef = C5F849751946C4410074DFCF /* Cocoa.framework */; };
		C5F8499E1946C4410074DFCF /* InfoPlist.strings in Resources */ = {isa = PBXBuildFile; fileRef = C5F8499C1946C4410074DFCF /* InfoPlist.strings */; };
		C5F849A01946C4410074DFCF /* pokeguiTests.m in Sources */ = {isa = PBXBuildFile; fileRef = C5F8499F1946C4410074DFCF /* pokeguiTests.m */; };
		C5F849AD1946C84D0074DFCF /* Foundation.framework in Frameworks */ = {isa = PBXBuildFile; fileRef = C5F849AC1946C84D0074DFCF /* Foundation.framework */; };
		C5F849AF1946C84E0074DFCF /* CoreGraphics.framework in Frameworks */ = {isa = PBXBuildFile; fileRef = C5F849AE1946C84D0074DFCF /* CoreGraphics.framework */; };
		C5F849B11946C84E0074DFCF /* UIKit.framework in Frameworks */ = {isa = PBXBuildFile; fileRef = C5F849B01946C84E0074DFCF /* UIKit.framework */; };
		C5F849B31946C84E0074DFCF /* GLKit.framework in Frameworks */ = {isa = PBXBuildFile; fileRef = C5F849B21946C84E0074DFCF /* GLKit.framework */; };
		C5F849B51946C84E0074DFCF /* OpenGLES.framework in Frameworks */ = {isa = PBXBuildFile; fileRef = C5F849B41946C84E0074DFCF /* OpenGLES.framework */; };
		C5F849BB1946C84E0074DFCF /* InfoPlist.strings in Resources */ = {isa = PBXBuildFile; fileRef = C5F849B91946C84E0074DFCF /* InfoPlist.strings */; };
		C5F849BD1946C84E0074DFCF /* main.m in Sources */ = {isa = PBXBuildFile; fileRef = C5F849BC1946C84E0074DFCF /* main.m */; };
		C5F849C11946C84E0074DFCF /* AppDelegate.m in Sources */ = {isa = PBXBuildFile; fileRef = C5F849C01946C84E0074DFCF /* AppDelegate.m */; };
		C5F849C41946C84E0074DFCF /* Main_iPhone.storyboard in Resources */ = {isa = PBXBuildFile; fileRef = C5F849C21946C84E0074DFCF /* Main_iPhone.storyboard */; };
		C5F849C71946C84E0074DFCF /* Main_iPad.storyboard in Resources */ = {isa = PBXBuildFile; fileRef = C5F849C51946C84E0074DFCF /* Main_iPad.storyboard */; };
		C5F849C91946C84E0074DFCF /* Shader.fsh in Resources */ = {isa = PBXBuildFile; fileRef = C5F849C81946C84E0074DFCF /* Shader.fsh */; };
		C5F849CB1946C84E0074DFCF /* Shader.vsh in Resources */ = {isa = PBXBuildFile; fileRef = C5F849CA1946C84E0074DFCF /* Shader.vsh */; };
		C5F849CE1946C84E0074DFCF /* ViewController.m in Sources */ = {isa = PBXBuildFile; fileRef = C5F849CD1946C84E0074DFCF /* ViewController.m */; };
		C5F849D01946C84E0074DFCF /* Images.xcassets in Resources */ = {isa = PBXBuildFile; fileRef = C5F849CF1946C84E0074DFCF /* Images.xcassets */; };
		C5F849D61946C84E0074DFCF /* XCTest.framework in Frameworks */ = {isa = PBXBuildFile; fileRef = C5F849941946C4410074DFCF /* XCTest.framework */; };
		C5F849D71946C84E0074DFCF /* Foundation.framework in Frameworks */ = {isa = PBXBuildFile; fileRef = C5F849AC1946C84D0074DFCF /* Foundation.framework */; };
		C5F849D81946C84E0074DFCF /* UIKit.framework in Frameworks */ = {isa = PBXBuildFile; fileRef = C5F849B01946C84E0074DFCF /* UIKit.framework */; };
		C5F849E01946C84E0074DFCF /* InfoPlist.strings in Resources */ = {isa = PBXBuildFile; fileRef = C5F849DE1946C84E0074DFCF /* InfoPlist.strings */; };
		C5F849E21946C84E0074DFCF /* PokemonThrowdownTests.m in Sources */ = {isa = PBXBuildFile; fileRef = C5F849E11946C84E0074DFCF /* PokemonThrowdownTests.m */; };
/* End PBXBuildFile section */

/* Begin PBXContainerItemProxy section */
		C5F849971946C4410074DFCF /* PBXContainerItemProxy */ = {
			isa = PBXContainerItemProxy;
			containerPortal = C5D1865817B1BE73003709FB /* Project object */;
			proxyType = 1;
			remoteGlobalIDString = C5F849721946C4410074DFCF;
			remoteInfo = pokegui;
		};
		C5F849D91946C84E0074DFCF /* PBXContainerItemProxy */ = {
			isa = PBXContainerItemProxy;
			containerPortal = C5D1865817B1BE73003709FB /* Project object */;
			proxyType = 1;
			remoteGlobalIDString = C5F849AA1946C84D0074DFCF;
			remoteInfo = PokemonThrowdown;
		};
/* End PBXContainerItemProxy section */

/* Begin PBXCopyFilesBuildPhase section */
		C5D1865E17B1BE73003709FB /* CopyFiles */ = {
			isa = PBXCopyFilesBuildPhase;
			buildActionMask = 2147483647;
			dstPath = /usr/share/man/man1/;
			dstSubfolderSpec = 0;
			files = (
			);
			runOnlyForDeploymentPostprocessing = 1;
		};
/* End PBXCopyFilesBuildPhase section */

/* Begin PBXFileReference section */
		C5196C1A19474D320012205E /* Player.cpp */ = {isa = PBXFileReference; fileEncoding = 4; lastKnownFileType = sourcecode.cpp.cpp; path = Player.cpp; sourceTree = "<group>"; };
		C5196C1B19474D320012205E /* Player.h */ = {isa = PBXFileReference; fileEncoding = 4; lastKnownFileType = sourcecode.c.h; path = Player.h; sourceTree = "<group>"; };
		C52B75F41943F5AA00EC718C /* Field.cpp */ = {isa = PBXFileReference; fileEncoding = 4; lastKnownFileType = sourcecode.cpp.cpp; path = Field.cpp; sourceTree = "<group>"; };
		C52B75F51943F5AA00EC718C /* Field.h */ = {isa = PBXFileReference; fileEncoding = 4; lastKnownFileType = sourcecode.c.h; path = Field.h; sourceTree = "<group>"; };
		C52B75F71943F5C000EC718C /* Side.cpp */ = {isa = PBXFileReference; fileEncoding = 4; lastKnownFileType = sourcecode.cpp.cpp; path = Side.cpp; sourceTree = "<group>"; };
		C52B75F81943F5C000EC718C /* Side.h */ = {isa = PBXFileReference; fileEncoding = 4; lastKnownFileType = sourcecode.c.h; path = Side.h; sourceTree = "<group>"; };
		C52B75FA1943F5CE00EC718C /* Slot.cpp */ = {isa = PBXFileReference; fileEncoding = 4; lastKnownFileType = sourcecode.cpp.cpp; path = Slot.cpp; sourceTree = "<group>"; };
		C52B75FB1943F5CE00EC718C /* Slot.h */ = {isa = PBXFileReference; fileEncoding = 4; lastKnownFileType = sourcecode.c.h; path = Slot.h; sourceTree = "<group>"; };
		C52B76001945276100EC718C /* Item.cpp */ = {isa = PBXFileReference; fileEncoding = 4; lastKnownFileType = sourcecode.cpp.cpp; path = Item.cpp; sourceTree = "<group>"; };
		C52B76011945276100EC718C /* Item.h */ = {isa = PBXFileReference; fileEncoding = 4; lastKnownFileType = sourcecode.c.h; path = Item.h; sourceTree = "<group>"; };
		C54260BF1941C324005DB564 /* utilities.cpp */ = {isa = PBXFileReference; fileEncoding = 4; lastKnownFileType = sourcecode.cpp.cpp; path = utilities.cpp; sourceTree = "<group>"; };
		C56ECBA018C55B52006AD23D /* TrainerData.h */ = {isa = PBXFileReference; fileEncoding = 4; lastKnownFileType = sourcecode.c.h; path = TrainerData.h; sourceTree = "<group>"; };
		C56ECBA318C55E44006AD23D /* BattleData.h */ = {isa = PBXFileReference; fileEncoding = 4; lastKnownFileType = sourcecode.c.h; path = BattleData.h; sourceTree = "<group>"; };
		C57F36ED194E826D0086E9D4 /* Computer.cpp */ = {isa = PBXFileReference; fileEncoding = 4; lastKnownFileType = sourcecode.cpp.cpp; path = Computer.cpp; sourceTree = "<group>"; };
		C57F36EE194E826D0086E9D4 /* Computer.h */ = {isa = PBXFileReference; fileEncoding = 4; lastKnownFileType = sourcecode.c.h; path = Computer.h; sourceTree = "<group>"; };
		C5D1866017B1BE73003709FB /* pokemongame */ = {isa = PBXFileReference; explicitFileType = "compiled.mach-o.executable"; includeInIndex = 0; path = pokemongame; sourceTree = BUILT_PRODUCTS_DIR; };
		C5D1866317B1BE73003709FB /* main.cpp */ = {isa = PBXFileReference; lastKnownFileType = sourcecode.cpp.cpp; path = main.cpp; sourceTree = "<group>"; };
		C5E4DE0818C4834100CB715A /* constants.h */ = {isa = PBXFileReference; fileEncoding = 4; lastKnownFileType = sourcecode.c.h; path = constants.h; sourceTree = "<group>"; };
		C5E4DE0B18C4837C00CB715A /* PokeData.h */ = {isa = PBXFileReference; fileEncoding = 4; lastKnownFileType = sourcecode.c.h; path = PokeData.h; sourceTree = "<group>"; };
		C5E4DE0E18C4838700CB715A /* MoveData.h */ = {isa = PBXFileReference; fileEncoding = 4; lastKnownFileType = sourcecode.c.h; path = MoveData.h; sourceTree = "<group>"; };
		C5E4DE1018C4878A00CB715A /* Battle.cpp */ = {isa = PBXFileReference; fileEncoding = 4; lastKnownFileType = sourcecode.cpp.cpp; lineEnding = 0; path = Battle.cpp; sourceTree = "<group>"; xcLanguageSpecificationIdentifier = xcode.lang.cpp; };
		C5E4DE1118C4878A00CB715A /* Battle.h */ = {isa = PBXFileReference; fileEncoding = 4; lastKnownFileType = sourcecode.c.h; path = Battle.h; sourceTree = "<group>"; };
		C5E4DE1318C4879900CB715A /* Pokemon.cpp */ = {isa = PBXFileReference; fileEncoding = 4; lastKnownFileType = sourcecode.cpp.cpp; path = Pokemon.cpp; sourceTree = "<group>"; };
		C5E4DE1418C4879900CB715A /* Pokemon.h */ = {isa = PBXFileReference; fileEncoding = 4; lastKnownFileType = sourcecode.c.h; path = Pokemon.h; sourceTree = "<group>"; };
		C5E4DE1618C487A900CB715A /* Move.cpp */ = {isa = PBXFileReference; fileEncoding = 4; lastKnownFileType = sourcecode.cpp.cpp; path = Move.cpp; sourceTree = "<group>"; };
		C5E4DE1718C487A900CB715A /* Move.h */ = {isa = PBXFileReference; fileEncoding = 4; lastKnownFileType = sourcecode.c.h; path = Move.h; sourceTree = "<group>"; };
		C5E4DE1918C487B700CB715A /* Trainer.cpp */ = {isa = PBXFileReference; fileEncoding = 4; lastKnownFileType = sourcecode.cpp.cpp; path = Trainer.cpp; sourceTree = "<group>"; };
		C5E4DE1A18C487B700CB715A /* Trainer.h */ = {isa = PBXFileReference; fileEncoding = 4; lastKnownFileType = sourcecode.c.h; path = Trainer.h; sourceTree = "<group>"; };
		C5E4DE2218C48A6200CB715A /* MapData.h */ = {isa = PBXFileReference; fileEncoding = 4; lastKnownFileType = sourcecode.c.h; path = MapData.h; sourceTree = "<group>"; };
		C5F849731946C4410074DFCF /* pokegui.app */ = {isa = PBXFileReference; explicitFileType = wrapper.application; includeInIndex = 0; path = pokegui.app; sourceTree = BUILT_PRODUCTS_DIR; };
		C5F849751946C4410074DFCF /* Cocoa.framework */ = {isa = PBXFileReference; lastKnownFileType = wrapper.framework; name = Cocoa.framework; path = System/Library/Frameworks/Cocoa.framework; sourceTree = SDKROOT; };
		C5F849781946C4410074DFCF /* AppKit.framework */ = {isa = PBXFileReference; lastKnownFileType = wrapper.framework; name = AppKit.framework; path = System/Library/Frameworks/AppKit.framework; sourceTree = SDKROOT; };
		C5F849791946C4410074DFCF /* CoreData.framework */ = {isa = PBXFileReference; lastKnownFileType = wrapper.framework; name = CoreData.framework; path = System/Library/Frameworks/CoreData.framework; sourceTree = SDKROOT; };
		C5F8497A1946C4410074DFCF /* Foundation.framework */ = {isa = PBXFileReference; lastKnownFileType = wrapper.framework; name = Foundation.framework; path = System/Library/Frameworks/Foundation.framework; sourceTree = SDKROOT; };
		C5F8497D1946C4410074DFCF /* pokegui-Info.plist */ = {isa = PBXFileReference; lastKnownFileType = text.plist.xml; path = "pokegui-Info.plist"; sourceTree = "<group>"; };
		C5F8497F1946C4410074DFCF /* en */ = {isa = PBXFileReference; lastKnownFileType = text.plist.strings; name = en; path = en.lproj/InfoPlist.strings; sourceTree = "<group>"; };
		C5F849811946C4410074DFCF /* main.m */ = {isa = PBXFileReference; lastKnownFileType = sourcecode.c.objc; path = main.m; sourceTree = "<group>"; };
		C5F849831946C4410074DFCF /* pokegui-Prefix.pch */ = {isa = PBXFileReference; lastKnownFileType = sourcecode.c.h; path = "pokegui-Prefix.pch"; sourceTree = "<group>"; };
		C5F849851946C4410074DFCF /* en */ = {isa = PBXFileReference; lastKnownFileType = text.rtf; name = en; path = en.lproj/Credits.rtf; sourceTree = "<group>"; };
		C5F849871946C4410074DFCF /* AppDelegate.h */ = {isa = PBXFileReference; lastKnownFileType = sourcecode.c.h; path = AppDelegate.h; sourceTree = "<group>"; };
		C5F849881946C4410074DFCF /* AppDelegate.m */ = {isa = PBXFileReference; lastKnownFileType = sourcecode.c.objc; path = AppDelegate.m; sourceTree = "<group>"; };
		C5F8498B1946C4410074DFCF /* Base */ = {isa = PBXFileReference; lastKnownFileType = file.xib; name = Base; path = Base.lproj/MainMenu.xib; sourceTree = "<group>"; };
		C5F8498D1946C4410074DFCF /* Images.xcassets */ = {isa = PBXFileReference; lastKnownFileType = folder.assetcatalog; path = Images.xcassets; sourceTree = "<group>"; };
		C5F849931946C4410074DFCF /* pokeguiTests.xctest */ = {isa = PBXFileReference; explicitFileType = wrapper.cfbundle; includeInIndex = 0; path = pokeguiTests.xctest; sourceTree = BUILT_PRODUCTS_DIR; };
		C5F849941946C4410074DFCF /* XCTest.framework */ = {isa = PBXFileReference; lastKnownFileType = wrapper.framework; name = XCTest.framework; path = Library/Frameworks/XCTest.framework; sourceTree = DEVELOPER_DIR; };
		C5F8499B1946C4410074DFCF /* pokeguiTests-Info.plist */ = {isa = PBXFileReference; lastKnownFileType = text.plist.xml; path = "pokeguiTests-Info.plist"; sourceTree = "<group>"; };
		C5F8499D1946C4410074DFCF /* en */ = {isa = PBXFileReference; lastKnownFileType = text.plist.strings; name = en; path = en.lproj/InfoPlist.strings; sourceTree = "<group>"; };
		C5F8499F1946C4410074DFCF /* pokeguiTests.m */ = {isa = PBXFileReference; lastKnownFileType = sourcecode.c.objc; path = pokeguiTests.m; sourceTree = "<group>"; };
		C5F849AB1946C84D0074DFCF /* PokemonThrowdown.app */ = {isa = PBXFileReference; explicitFileType = wrapper.application; includeInIndex = 0; path = PokemonThrowdown.app; sourceTree = BUILT_PRODUCTS_DIR; };
		C5F849AC1946C84D0074DFCF /* Foundation.framework */ = {isa = PBXFileReference; lastKnownFileType = wrapper.framework; name = Foundation.framework; path = System/Library/Frameworks/Foundation.framework; sourceTree = SDKROOT; };
		C5F849AE1946C84D0074DFCF /* CoreGraphics.framework */ = {isa = PBXFileReference; lastKnownFileType = wrapper.framework; name = CoreGraphics.framework; path = System/Library/Frameworks/CoreGraphics.framework; sourceTree = SDKROOT; };
		C5F849B01946C84E0074DFCF /* UIKit.framework */ = {isa = PBXFileReference; lastKnownFileType = wrapper.framework; name = UIKit.framework; path = Library/Frameworks/UIKit.framework; sourceTree = DEVELOPER_DIR; };
		C5F849B21946C84E0074DFCF /* GLKit.framework */ = {isa = PBXFileReference; lastKnownFileType = wrapper.framework; name = GLKit.framework; path = Library/Frameworks/GLKit.framework; sourceTree = DEVELOPER_DIR; };
		C5F849B41946C84E0074DFCF /* OpenGLES.framework */ = {isa = PBXFileReference; lastKnownFileType = wrapper.framework; name = OpenGLES.framework; path = Library/Frameworks/OpenGLES.framework; sourceTree = DEVELOPER_DIR; };
		C5F849B81946C84E0074DFCF /* PokemonThrowdown-Info.plist */ = {isa = PBXFileReference; lastKnownFileType = text.plist.xml; path = "PokemonThrowdown-Info.plist"; sourceTree = "<group>"; };
		C5F849BA1946C84E0074DFCF /* en */ = {isa = PBXFileReference; lastKnownFileType = text.plist.strings; name = en; path = en.lproj/InfoPlist.strings; sourceTree = "<group>"; };
		C5F849BC1946C84E0074DFCF /* main.m */ = {isa = PBXFileReference; lastKnownFileType = sourcecode.c.objc; path = main.m; sourceTree = "<group>"; };
		C5F849BE1946C84E0074DFCF /* PokemonThrowdown-Prefix.pch */ = {isa = PBXFileReference; lastKnownFileType = sourcecode.c.h; path = "PokemonThrowdown-Prefix.pch"; sourceTree = "<group>"; };
		C5F849BF1946C84E0074DFCF /* AppDelegate.h */ = {isa = PBXFileReference; lastKnownFileType = sourcecode.c.h; path = AppDelegate.h; sourceTree = "<group>"; };
		C5F849C01946C84E0074DFCF /* AppDelegate.m */ = {isa = PBXFileReference; lastKnownFileType = sourcecode.c.objc; path = AppDelegate.m; sourceTree = "<group>"; };
		C5F849C31946C84E0074DFCF /* Base */ = {isa = PBXFileReference; lastKnownFileType = file.storyboard; name = Base; path = Base.lproj/Main_iPhone.storyboard; sourceTree = "<group>"; };
		C5F849C61946C84E0074DFCF /* Base */ = {isa = PBXFileReference; lastKnownFileType = file.storyboard; name = Base; path = Base.lproj/Main_iPad.storyboard; sourceTree = "<group>"; };
		C5F849C81946C84E0074DFCF /* Shader.fsh */ = {isa = PBXFileReference; lastKnownFileType = sourcecode.glsl; name = Shader.fsh; path = Shaders/Shader.fsh; sourceTree = "<group>"; };
		C5F849CA1946C84E0074DFCF /* Shader.vsh */ = {isa = PBXFileReference; lastKnownFileType = sourcecode.glsl; name = Shader.vsh; path = Shaders/Shader.vsh; sourceTree = "<group>"; };
		C5F849CC1946C84E0074DFCF /* ViewController.h */ = {isa = PBXFileReference; lastKnownFileType = sourcecode.c.h; path = ViewController.h; sourceTree = "<group>"; };
		C5F849CD1946C84E0074DFCF /* ViewController.m */ = {isa = PBXFileReference; lastKnownFileType = sourcecode.c.objc; path = ViewController.m; sourceTree = "<group>"; };
		C5F849CF1946C84E0074DFCF /* Images.xcassets */ = {isa = PBXFileReference; lastKnownFileType = folder.assetcatalog; path = Images.xcassets; sourceTree = "<group>"; };
		C5F849D51946C84E0074DFCF /* PokemonThrowdownTests.xctest */ = {isa = PBXFileReference; explicitFileType = wrapper.cfbundle; includeInIndex = 0; path = PokemonThrowdownTests.xctest; sourceTree = BUILT_PRODUCTS_DIR; };
		C5F849DD1946C84E0074DFCF /* PokemonThrowdownTests-Info.plist */ = {isa = PBXFileReference; lastKnownFileType = text.plist.xml; path = "PokemonThrowdownTests-Info.plist"; sourceTree = "<group>"; };
		C5F849DF1946C84E0074DFCF /* en */ = {isa = PBXFileReference; lastKnownFileType = text.plist.strings; name = en; path = en.lproj/InfoPlist.strings; sourceTree = "<group>"; };
		C5F849E11946C84E0074DFCF /* PokemonThrowdownTests.m */ = {isa = PBXFileReference; lastKnownFileType = sourcecode.c.objc; path = PokemonThrowdownTests.m; sourceTree = "<group>"; };
/* End PBXFileReference section */

/* Begin PBXFrameworksBuildPhase section */
		C5D1865D17B1BE73003709FB /* Frameworks */ = {
			isa = PBXFrameworksBuildPhase;
			buildActionMask = 2147483647;
			files = (
			);
			runOnlyForDeploymentPostprocessing = 0;
		};
		C5F849701946C4410074DFCF /* Frameworks */ = {
			isa = PBXFrameworksBuildPhase;
			buildActionMask = 2147483647;
			files = (
				C5F849761946C4410074DFCF /* Cocoa.framework in Frameworks */,
			);
			runOnlyForDeploymentPostprocessing = 0;
		};
		C5F849901946C4410074DFCF /* Frameworks */ = {
			isa = PBXFrameworksBuildPhase;
			buildActionMask = 2147483647;
			files = (
				C5F849961946C4410074DFCF /* Cocoa.framework in Frameworks */,
				C5F849951946C4410074DFCF /* XCTest.framework in Frameworks */,
			);
			runOnlyForDeploymentPostprocessing = 0;
		};
		C5F849A81946C84D0074DFCF /* Frameworks */ = {
			isa = PBXFrameworksBuildPhase;
			buildActionMask = 2147483647;
			files = (
				C5F849B51946C84E0074DFCF /* OpenGLES.framework in Frameworks */,
				C5F849AF1946C84E0074DFCF /* CoreGraphics.framework in Frameworks */,
				C5F849B11946C84E0074DFCF /* UIKit.framework in Frameworks */,
				C5F849B31946C84E0074DFCF /* GLKit.framework in Frameworks */,
				C5F849AD1946C84D0074DFCF /* Foundation.framework in Frameworks */,
			);
			runOnlyForDeploymentPostprocessing = 0;
		};
		C5F849D21946C84E0074DFCF /* Frameworks */ = {
			isa = PBXFrameworksBuildPhase;
			buildActionMask = 2147483647;
			files = (
				C5F849D61946C84E0074DFCF /* XCTest.framework in Frameworks */,
				C5F849D81946C84E0074DFCF /* UIKit.framework in Frameworks */,
				C5F849D71946C84E0074DFCF /* Foundation.framework in Frameworks */,
			);
			runOnlyForDeploymentPostprocessing = 0;
		};
/* End PBXFrameworksBuildPhase section */

/* Begin PBXGroup section */
		C52B7609194529A000EC718C /* library */ = {
			isa = PBXGroup;
			children = (
				C5E4DE0818C4834100CB715A /* constants.h */,
				C54260BF1941C324005DB564 /* utilities.cpp */,
				C5E4DE0E18C4838700CB715A /* MoveData.h */,
				C5E4DE0B18C4837C00CB715A /* PokeData.h */,
				C56ECBA018C55B52006AD23D /* TrainerData.h */,
				C56ECBA318C55E44006AD23D /* BattleData.h */,
				C5E4DE2218C48A6200CB715A /* MapData.h */,
			);
			name = library;
			sourceTree = "<group>";
		};
		C5D1865717B1BE73003709FB = {
			isa = PBXGroup;
			children = (
				C5D1866217B1BE73003709FB /* pokemongame */,
				C5F8497B1946C4410074DFCF /* pokegui */,
				C5F849991946C4410074DFCF /* pokeguiTests */,
				C5F849B61946C84E0074DFCF /* PokemonThrowdown */,
				C5F849DB1946C84E0074DFCF /* PokemonThrowdownTests */,
				C5F849741946C4410074DFCF /* Frameworks */,
				C5D1866117B1BE73003709FB /* Products */,
			);
			sourceTree = "<group>";
		};
		C5D1866117B1BE73003709FB /* Products */ = {
			isa = PBXGroup;
			children = (
				C5D1866017B1BE73003709FB /* pokemongame */,
				C5F849731946C4410074DFCF /* pokegui.app */,
				C5F849931946C4410074DFCF /* pokeguiTests.xctest */,
				C5F849AB1946C84D0074DFCF /* PokemonThrowdown.app */,
				C5F849D51946C84E0074DFCF /* PokemonThrowdownTests.xctest */,
			);
			name = Products;
			sourceTree = "<group>";
		};
		C5D1866217B1BE73003709FB /* pokemongame */ = {
			isa = PBXGroup;
			children = (
				C52B7609194529A000EC718C /* library */,
				C52B76011945276100EC718C /* Item.h */,
				C52B76001945276100EC718C /* Item.cpp */,
				C5E4DE1718C487A900CB715A /* Move.h */,
				C5E4DE1618C487A900CB715A /* Move.cpp */,
				C5E4DE1418C4879900CB715A /* Pokemon.h */,
				C5E4DE1318C4879900CB715A /* Pokemon.cpp */,
				C5E4DE1A18C487B700CB715A /* Trainer.h */,
				C5E4DE1918C487B700CB715A /* Trainer.cpp */,
				C57F36EE194E826D0086E9D4 /* Computer.h */,
				C57F36ED194E826D0086E9D4 /* Computer.cpp */,
				C5196C1B19474D320012205E /* Player.h */,
				C5196C1A19474D320012205E /* Player.cpp */,
				C52B75FB1943F5CE00EC718C /* Slot.h */,
				C52B75FA1943F5CE00EC718C /* Slot.cpp */,
				C52B75F81943F5C000EC718C /* Side.h */,
				C52B75F71943F5C000EC718C /* Side.cpp */,
				C52B75F51943F5AA00EC718C /* Field.h */,
				C52B75F41943F5AA00EC718C /* Field.cpp */,
				C5E4DE1118C4878A00CB715A /* Battle.h */,
				C5E4DE1018C4878A00CB715A /* Battle.cpp */,
				C5D1866317B1BE73003709FB /* main.cpp */,
			);
			path = pokemongame;
			sourceTree = "<group>";
		};
		C5F849741946C4410074DFCF /* Frameworks */ = {
			isa = PBXGroup;
			children = (
				C5F849751946C4410074DFCF /* Cocoa.framework */,
				C5F849941946C4410074DFCF /* XCTest.framework */,
				C5F849AC1946C84D0074DFCF /* Foundation.framework */,
				C5F849AE1946C84D0074DFCF /* CoreGraphics.framework */,
				C5F849B01946C84E0074DFCF /* UIKit.framework */,
				C5F849B21946C84E0074DFCF /* GLKit.framework */,
				C5F849B41946C84E0074DFCF /* OpenGLES.framework */,
				C5F849771946C4410074DFCF /* Other Frameworks */,
			);
			name = Frameworks;
			sourceTree = "<group>";
		};
		C5F849771946C4410074DFCF /* Other Frameworks */ = {
			isa = PBXGroup;
			children = (
				C5F849781946C4410074DFCF /* AppKit.framework */,
				C5F849791946C4410074DFCF /* CoreData.framework */,
				C5F8497A1946C4410074DFCF /* Foundation.framework */,
			);
			name = "Other Frameworks";
			sourceTree = "<group>";
		};
		C5F8497B1946C4410074DFCF /* pokegui */ = {
			isa = PBXGroup;
			children = (
				C5F849871946C4410074DFCF /* AppDelegate.h */,
				C5F849881946C4410074DFCF /* AppDelegate.m */,
				C5F8498A1946C4410074DFCF /* MainMenu.xib */,
				C5F8498D1946C4410074DFCF /* Images.xcassets */,
				C5F8497C1946C4410074DFCF /* Supporting Files */,
			);
			path = pokegui;
			sourceTree = "<group>";
		};
		C5F8497C1946C4410074DFCF /* Supporting Files */ = {
			isa = PBXGroup;
			children = (
				C5F8497D1946C4410074DFCF /* pokegui-Info.plist */,
				C5F8497E1946C4410074DFCF /* InfoPlist.strings */,
				C5F849811946C4410074DFCF /* main.m */,
				C5F849831946C4410074DFCF /* pokegui-Prefix.pch */,
				C5F849841946C4410074DFCF /* Credits.rtf */,
			);
			name = "Supporting Files";
			sourceTree = "<group>";
		};
		C5F849991946C4410074DFCF /* pokeguiTests */ = {
			isa = PBXGroup;
			children = (
				C5F8499F1946C4410074DFCF /* pokeguiTests.m */,
				C5F8499A1946C4410074DFCF /* Supporting Files */,
			);
			path = pokeguiTests;
			sourceTree = "<group>";
		};
		C5F8499A1946C4410074DFCF /* Supporting Files */ = {
			isa = PBXGroup;
			children = (
				C5F8499B1946C4410074DFCF /* pokeguiTests-Info.plist */,
				C5F8499C1946C4410074DFCF /* InfoPlist.strings */,
			);
			name = "Supporting Files";
			sourceTree = "<group>";
		};
		C5F849B61946C84E0074DFCF /* PokemonThrowdown */ = {
			isa = PBXGroup;
			children = (
				C5F849BF1946C84E0074DFCF /* AppDelegate.h */,
				C5F849C01946C84E0074DFCF /* AppDelegate.m */,
				C5F849C21946C84E0074DFCF /* Main_iPhone.storyboard */,
				C5F849C51946C84E0074DFCF /* Main_iPad.storyboard */,
				C5F849C81946C84E0074DFCF /* Shader.fsh */,
				C5F849CA1946C84E0074DFCF /* Shader.vsh */,
				C5F849CC1946C84E0074DFCF /* ViewController.h */,
				C5F849CD1946C84E0074DFCF /* ViewController.m */,
				C5F849CF1946C84E0074DFCF /* Images.xcassets */,
				C5F849B71946C84E0074DFCF /* Supporting Files */,
			);
			path = PokemonThrowdown;
			sourceTree = "<group>";
		};
		C5F849B71946C84E0074DFCF /* Supporting Files */ = {
			isa = PBXGroup;
			children = (
				C5F849B81946C84E0074DFCF /* PokemonThrowdown-Info.plist */,
				C5F849B91946C84E0074DFCF /* InfoPlist.strings */,
				C5F849BC1946C84E0074DFCF /* main.m */,
				C5F849BE1946C84E0074DFCF /* PokemonThrowdown-Prefix.pch */,
			);
			name = "Supporting Files";
			sourceTree = "<group>";
		};
		C5F849DB1946C84E0074DFCF /* PokemonThrowdownTests */ = {
			isa = PBXGroup;
			children = (
				C5F849E11946C84E0074DFCF /* PokemonThrowdownTests.m */,
				C5F849DC1946C84E0074DFCF /* Supporting Files */,
			);
			path = PokemonThrowdownTests;
			sourceTree = "<group>";
		};
		C5F849DC1946C84E0074DFCF /* Supporting Files */ = {
			isa = PBXGroup;
			children = (
				C5F849DD1946C84E0074DFCF /* PokemonThrowdownTests-Info.plist */,
				C5F849DE1946C84E0074DFCF /* InfoPlist.strings */,
			);
			name = "Supporting Files";
			sourceTree = "<group>";
		};
/* End PBXGroup section */

/* Begin PBXNativeTarget section */
		C5D1865F17B1BE73003709FB /* pokemongame */ = {
			isa = PBXNativeTarget;
			buildConfigurationList = C5D1866917B1BE73003709FB /* Build configuration list for PBXNativeTarget "pokemongame" */;
			buildPhases = (
				C5D1865C17B1BE73003709FB /* Sources */,
				C5D1865D17B1BE73003709FB /* Frameworks */,
				C5D1865E17B1BE73003709FB /* CopyFiles */,
			);
			buildRules = (
			);
			dependencies = (
			);
			name = pokemongame;
			productName = pokemongame;
			productReference = C5D1866017B1BE73003709FB /* pokemongame */;
			productType = "com.apple.product-type.tool";
		};
		C5F849721946C4410074DFCF /* pokegui */ = {
			isa = PBXNativeTarget;
			buildConfigurationList = C5F849A11946C4410074DFCF /* Build configuration list for PBXNativeTarget "pokegui" */;
			buildPhases = (
				C5F8496F1946C4410074DFCF /* Sources */,
				C5F849701946C4410074DFCF /* Frameworks */,
				C5F849711946C4410074DFCF /* Resources */,
			);
			buildRules = (
			);
			dependencies = (
			);
			name = pokegui;
			productName = pokegui;
			productReference = C5F849731946C4410074DFCF /* pokegui.app */;
			productType = "com.apple.product-type.application";
		};
		C5F849921946C4410074DFCF /* pokeguiTests */ = {
			isa = PBXNativeTarget;
			buildConfigurationList = C5F849A41946C4410074DFCF /* Build configuration list for PBXNativeTarget "pokeguiTests" */;
			buildPhases = (
				C5F8498F1946C4410074DFCF /* Sources */,
				C5F849901946C4410074DFCF /* Frameworks */,
				C5F849911946C4410074DFCF /* Resources */,
			);
			buildRules = (
			);
			dependencies = (
				C5F849981946C4410074DFCF /* PBXTargetDependency */,
			);
			name = pokeguiTests;
			productName = pokeguiTests;
			productReference = C5F849931946C4410074DFCF /* pokeguiTests.xctest */;
			productType = "com.apple.product-type.bundle.unit-test";
		};
		C5F849AA1946C84D0074DFCF /* PokemonThrowdown */ = {
			isa = PBXNativeTarget;
			buildConfigurationList = C5F849E31946C84E0074DFCF /* Build configuration list for PBXNativeTarget "PokemonThrowdown" */;
			buildPhases = (
				C5F849A71946C84D0074DFCF /* Sources */,
				C5F849A81946C84D0074DFCF /* Frameworks */,
				C5F849A91946C84D0074DFCF /* Resources */,
			);
			buildRules = (
			);
			dependencies = (
			);
			name = PokemonThrowdown;
			productName = PokemonThrowdown;
			productReference = C5F849AB1946C84D0074DFCF /* PokemonThrowdown.app */;
			productType = "com.apple.product-type.application";
		};
		C5F849D41946C84E0074DFCF /* PokemonThrowdownTests */ = {
			isa = PBXNativeTarget;
			buildConfigurationList = C5F849E61946C84E0074DFCF /* Build configuration list for PBXNativeTarget "PokemonThrowdownTests" */;
			buildPhases = (
				C5F849D11946C84E0074DFCF /* Sources */,
				C5F849D21946C84E0074DFCF /* Frameworks */,
				C5F849D31946C84E0074DFCF /* Resources */,
			);
			buildRules = (
			);
			dependencies = (
				C5F849DA1946C84E0074DFCF /* PBXTargetDependency */,
			);
			name = PokemonThrowdownTests;
			productName = PokemonThrowdownTests;
			productReference = C5F849D51946C84E0074DFCF /* PokemonThrowdownTests.xctest */;
			productType = "com.apple.product-type.bundle.unit-test";
		};
/* End PBXNativeTarget section */

/* Begin PBXProject section */
		C5D1865817B1BE73003709FB /* Project object */ = {
			isa = PBXProject;
			attributes = {
				LastUpgradeCheck = 0500;
				ORGANIZATIONNAME = "Ian Cordero";
				TargetAttributes = {
					C5F849921946C4410074DFCF = {
						TestTargetID = C5F849721946C4410074DFCF;
					};
					C5F849D41946C84E0074DFCF = {
						TestTargetID = C5F849721946C4410074DFCF;
					};
				};
			};
			buildConfigurationList = C5D1865B17B1BE73003709FB /* Build configuration list for PBXProject "pokemongame" */;
			compatibilityVersion = "Xcode 3.2";
			developmentRegion = English;
			hasScannedForEncodings = 0;
			knownRegions = (
				en,
				Base,
			);
			mainGroup = C5D1865717B1BE73003709FB;
			productRefGroup = C5D1866117B1BE73003709FB /* Products */;
			projectDirPath = "";
			projectRoot = "";
			targets = (
				C5D1865F17B1BE73003709FB /* pokemongame */,
				C5F849721946C4410074DFCF /* pokegui */,
				C5F849921946C4410074DFCF /* pokeguiTests */,
				C5F849AA1946C84D0074DFCF /* PokemonThrowdown */,
				C5F849D41946C84E0074DFCF /* PokemonThrowdownTests */,
			);
		};
/* End PBXProject section */

/* Begin PBXResourcesBuildPhase section */
		C5F849711946C4410074DFCF /* Resources */ = {
			isa = PBXResourcesBuildPhase;
			buildActionMask = 2147483647;
			files = (
				C5F849801946C4410074DFCF /* InfoPlist.strings in Resources */,
				C5F8498E1946C4410074DFCF /* Images.xcassets in Resources */,
				C5F849861946C4410074DFCF /* Credits.rtf in Resources */,
				C5F8498C1946C4410074DFCF /* MainMenu.xib in Resources */,
			);
			runOnlyForDeploymentPostprocessing = 0;
		};
		C5F849911946C4410074DFCF /* Resources */ = {
			isa = PBXResourcesBuildPhase;
			buildActionMask = 2147483647;
			files = (
				C5F8499E1946C4410074DFCF /* InfoPlist.strings in Resources */,
			);
			runOnlyForDeploymentPostprocessing = 0;
		};
		C5F849A91946C84D0074DFCF /* Resources */ = {
			isa = PBXResourcesBuildPhase;
			buildActionMask = 2147483647;
			files = (
				C5F849C91946C84E0074DFCF /* Shader.fsh in Resources */,
				C5F849C71946C84E0074DFCF /* Main_iPad.storyboard in Resources */,
				C5F849C41946C84E0074DFCF /* Main_iPhone.storyboard in Resources */,
				C5F849D01946C84E0074DFCF /* Images.xcassets in Resources */,
				C5F849BB1946C84E0074DFCF /* InfoPlist.strings in Resources */,
				C5F849CB1946C84E0074DFCF /* Shader.vsh in Resources */,
			);
			runOnlyForDeploymentPostprocessing = 0;
		};
		C5F849D31946C84E0074DFCF /* Resources */ = {
			isa = PBXResourcesBuildPhase;
			buildActionMask = 2147483647;
			files = (
				C5F849E01946C84E0074DFCF /* InfoPlist.strings in Resources */,
			);
			runOnlyForDeploymentPostprocessing = 0;
		};
/* End PBXResourcesBuildPhase section */

/* Begin PBXSourcesBuildPhase section */
		C5D1865C17B1BE73003709FB /* Sources */ = {
			isa = PBXSourcesBuildPhase;
			buildActionMask = 2147483647;
			files = (
				C52B76021945276100EC718C /* Item.cpp in Sources */,
				C52B75F91943F5C000EC718C /* Side.cpp in Sources */,
				C5E4DE1818C487A900CB715A /* Move.cpp in Sources */,
				C5E4DE1B18C487B700CB715A /* Trainer.cpp in Sources */,
				C57F36EF194E826D0086E9D4 /* Computer.cpp in Sources */,
				C5D1866417B1BE73003709FB /* main.cpp in Sources */,
				C5E4DE1518C4879900CB715A /* Pokemon.cpp in Sources */,
				C5E4DE1218C4878A00CB715A /* Battle.cpp in Sources */,
				C52B75F61943F5AA00EC718C /* Field.cpp in Sources */,
				C5196C1C19474D320012205E /* Player.cpp in Sources */,
				C54260C11941C324005DB564 /* utilities.cpp in Sources */,
				C52B75FC1943F5CE00EC718C /* Slot.cpp in Sources */,
			);
			runOnlyForDeploymentPostprocessing = 0;
		};
		C5F8496F1946C4410074DFCF /* Sources */ = {
			isa = PBXSourcesBuildPhase;
			buildActionMask = 2147483647;
			files = (
				C5F849891946C4410074DFCF /* AppDelegate.m in Sources */,
				C5F849821946C4410074DFCF /* main.m in Sources */,
			);
			runOnlyForDeploymentPostprocessing = 0;
		};
		C5F8498F1946C4410074DFCF /* Sources */ = {
			isa = PBXSourcesBuildPhase;
			buildActionMask = 2147483647;
			files = (
				C5F849A01946C4410074DFCF /* pokeguiTests.m in Sources */,
			);
			runOnlyForDeploymentPostprocessing = 0;
		};
		C5F849A71946C84D0074DFCF /* Sources */ = {
			isa = PBXSourcesBuildPhase;
			buildActionMask = 2147483647;
			files = (
				C5F849CE1946C84E0074DFCF /* ViewController.m in Sources */,
				C5F849C11946C84E0074DFCF /* AppDelegate.m in Sources */,
				C5F849BD1946C84E0074DFCF /* main.m in Sources */,
			);
			runOnlyForDeploymentPostprocessing = 0;
		};
		C5F849D11946C84E0074DFCF /* Sources */ = {
			isa = PBXSourcesBuildPhase;
			buildActionMask = 2147483647;
			files = (
				C5F849E21946C84E0074DFCF /* PokemonThrowdownTests.m in Sources */,
			);
			runOnlyForDeploymentPostprocessing = 0;
		};
/* End PBXSourcesBuildPhase section */

/* Begin PBXTargetDependency section */
		C5F849981946C4410074DFCF /* PBXTargetDependency */ = {
			isa = PBXTargetDependency;
			target = C5F849721946C4410074DFCF /* pokegui */;
			targetProxy = C5F849971946C4410074DFCF /* PBXContainerItemProxy */;
		};
		C5F849DA1946C84E0074DFCF /* PBXTargetDependency */ = {
			isa = PBXTargetDependency;
			target = C5F849AA1946C84D0074DFCF /* PokemonThrowdown */;
			targetProxy = C5F849D91946C84E0074DFCF /* PBXContainerItemProxy */;
		};
/* End PBXTargetDependency section */

/* Begin PBXVariantGroup section */
		C5F8497E1946C4410074DFCF /* InfoPlist.strings */ = {
			isa = PBXVariantGroup;
			children = (
				C5F8497F1946C4410074DFCF /* en */,
			);
			name = InfoPlist.strings;
			sourceTree = "<group>";
		};
		C5F849841946C4410074DFCF /* Credits.rtf */ = {
			isa = PBXVariantGroup;
			children = (
				C5F849851946C4410074DFCF /* en */,
			);
			name = Credits.rtf;
			sourceTree = "<group>";
		};
		C5F8498A1946C4410074DFCF /* MainMenu.xib */ = {
			isa = PBXVariantGroup;
			children = (
				C5F8498B1946C4410074DFCF /* Base */,
			);
			name = MainMenu.xib;
			sourceTree = "<group>";
		};
		C5F8499C1946C4410074DFCF /* InfoPlist.strings */ = {
			isa = PBXVariantGroup;
			children = (
				C5F8499D1946C4410074DFCF /* en */,
			);
			name = InfoPlist.strings;
			sourceTree = "<group>";
		};
		C5F849B91946C84E0074DFCF /* InfoPlist.strings */ = {
			isa = PBXVariantGroup;
			children = (
				C5F849BA1946C84E0074DFCF /* en */,
			);
			name = InfoPlist.strings;
			sourceTree = "<group>";
		};
		C5F849C21946C84E0074DFCF /* Main_iPhone.storyboard */ = {
			isa = PBXVariantGroup;
			children = (
				C5F849C31946C84E0074DFCF /* Base */,
			);
			name = Main_iPhone.storyboard;
			sourceTree = "<group>";
		};
		C5F849C51946C84E0074DFCF /* Main_iPad.storyboard */ = {
			isa = PBXVariantGroup;
			children = (
				C5F849C61946C84E0074DFCF /* Base */,
			);
			name = Main_iPad.storyboard;
			sourceTree = "<group>";
		};
		C5F849DE1946C84E0074DFCF /* InfoPlist.strings */ = {
			isa = PBXVariantGroup;
			children = (
				C5F849DF1946C84E0074DFCF /* en */,
			);
			name = InfoPlist.strings;
			sourceTree = "<group>";
		};
/* End PBXVariantGroup section */

/* Begin XCBuildConfiguration section */
		C5D1866717B1BE73003709FB /* Debug */ = {
			isa = XCBuildConfiguration;
			buildSettings = {
				ALWAYS_SEARCH_USER_PATHS = NO;
				CLANG_CXX_LANGUAGE_STANDARD = "gnu++0x";
				CLANG_CXX_LIBRARY = "libc++";
				CLANG_ENABLE_OBJC_ARC = YES;
				CLANG_WARN_CONSTANT_CONVERSION = YES;
				CLANG_WARN_EMPTY_BODY = YES;
				CLANG_WARN_ENUM_CONVERSION = YES;
				CLANG_WARN_INT_CONVERSION = YES;
				CLANG_WARN__DUPLICATE_METHOD_MATCH = YES;
				COPY_PHASE_STRIP = NO;
				GCC_C_LANGUAGE_STANDARD = gnu99;
				GCC_DYNAMIC_NO_PIC = NO;
				GCC_ENABLE_OBJC_EXCEPTIONS = YES;
				GCC_OPTIMIZATION_LEVEL = 0;
				GCC_PREPROCESSOR_DEFINITIONS = (
					"DEBUG=1",
					"$(inherited)",
				);
				GCC_SYMBOLS_PRIVATE_EXTERN = NO;
				GCC_WARN_64_TO_32_BIT_CONVERSION = YES;
				GCC_WARN_ABOUT_RETURN_TYPE = YES;
				GCC_WARN_UNINITIALIZED_AUTOS = YES;
				GCC_WARN_UNUSED_VARIABLE = YES;
				MACOSX_DEPLOYMENT_TARGET = 10.9;
				ONLY_ACTIVE_ARCH = YES;
				SDKROOT = macosx;
			};
			name = Debug;
		};
		C5D1866817B1BE73003709FB /* Release */ = {
			isa = XCBuildConfiguration;
			buildSettings = {
				ALWAYS_SEARCH_USER_PATHS = NO;
				CLANG_CXX_LANGUAGE_STANDARD = "gnu++0x";
				CLANG_CXX_LIBRARY = "libc++";
				CLANG_ENABLE_OBJC_ARC = YES;
				CLANG_WARN_CONSTANT_CONVERSION = YES;
				CLANG_WARN_EMPTY_BODY = YES;
				CLANG_WARN_ENUM_CONVERSION = YES;
				CLANG_WARN_INT_CONVERSION = YES;
				CLANG_WARN__DUPLICATE_METHOD_MATCH = YES;
				COPY_PHASE_STRIP = YES;
				DEBUG_INFORMATION_FORMAT = "dwarf-with-dsym";
				GCC_C_LANGUAGE_STANDARD = gnu99;
				GCC_ENABLE_OBJC_EXCEPTIONS = YES;
				GCC_WARN_64_TO_32_BIT_CONVERSION = YES;
				GCC_WARN_ABOUT_RETURN_TYPE = YES;
				GCC_WARN_UNINITIALIZED_AUTOS = YES;
				GCC_WARN_UNUSED_VARIABLE = YES;
				MACOSX_DEPLOYMENT_TARGET = 10.9;
				SDKROOT = macosx;
			};
			name = Release;
		};
		C5D1866A17B1BE73003709FB /* Debug */ = {
			isa = XCBuildConfiguration;
			buildSettings = {
				PRODUCT_NAME = "$(TARGET_NAME)";
			};
			name = Debug;
		};
		C5D1866B17B1BE73003709FB /* Release */ = {
			isa = XCBuildConfiguration;
			buildSettings = {
				PRODUCT_NAME = "$(TARGET_NAME)";
			};
			name = Release;
		};
		C5F849A21946C4410074DFCF /* Debug */ = {
			isa = XCBuildConfiguration;
			buildSettings = {
				ASSETCATALOG_COMPILER_APPICON_NAME = AppIcon;
				CLANG_ENABLE_MODULES = YES;
				CLANG_WARN_BOOL_CONVERSION = YES;
				CLANG_WARN_DIRECT_OBJC_ISA_USAGE = YES_ERROR;
				CLANG_WARN_OBJC_ROOT_CLASS = YES_ERROR;
				COMBINE_HIDPI_IMAGES = YES;
				GCC_PRECOMPILE_PREFIX_HEADER = YES;
				GCC_PREFIX_HEADER = "pokegui/pokegui-Prefix.pch";
				GCC_PREPROCESSOR_DEFINITIONS = (
					"DEBUG=1",
					"$(inherited)",
				);
				GCC_WARN_ABOUT_RETURN_TYPE = YES_ERROR;
				GCC_WARN_UNDECLARED_SELECTOR = YES;
				GCC_WARN_UNINITIALIZED_AUTOS = YES_AGGRESSIVE;
				GCC_WARN_UNUSED_FUNCTION = YES;
				INFOPLIST_FILE = "pokegui/pokegui-Info.plist";
				MACOSX_DEPLOYMENT_TARGET = 10.9;
				PRODUCT_NAME = "$(TARGET_NAME)";
				WRAPPER_EXTENSION = app;
			};
			name = Debug;
		};
		C5F849A31946C4410074DFCF /* Release */ = {
			isa = XCBuildConfiguration;
			buildSettings = {
				ASSETCATALOG_COMPILER_APPICON_NAME = AppIcon;
				CLANG_ENABLE_MODULES = YES;
				CLANG_WARN_BOOL_CONVERSION = YES;
				CLANG_WARN_DIRECT_OBJC_ISA_USAGE = YES_ERROR;
				CLANG_WARN_OBJC_ROOT_CLASS = YES_ERROR;
				COMBINE_HIDPI_IMAGES = YES;
				ENABLE_NS_ASSERTIONS = NO;
				GCC_PRECOMPILE_PREFIX_HEADER = YES;
				GCC_PREFIX_HEADER = "pokegui/pokegui-Prefix.pch";
				GCC_WARN_ABOUT_RETURN_TYPE = YES_ERROR;
				GCC_WARN_UNDECLARED_SELECTOR = YES;
				GCC_WARN_UNINITIALIZED_AUTOS = YES_AGGRESSIVE;
				GCC_WARN_UNUSED_FUNCTION = YES;
				INFOPLIST_FILE = "pokegui/pokegui-Info.plist";
				MACOSX_DEPLOYMENT_TARGET = 10.9;
				PRODUCT_NAME = "$(TARGET_NAME)";
				WRAPPER_EXTENSION = app;
			};
			name = Release;
		};
		C5F849A51946C4410074DFCF /* Debug */ = {
			isa = XCBuildConfiguration;
			buildSettings = {
				BUNDLE_LOADER = "$(BUILT_PRODUCTS_DIR)/pokegui.app/Contents/MacOS/pokegui";
				CLANG_ENABLE_MODULES = YES;
				CLANG_WARN_BOOL_CONVERSION = YES;
				CLANG_WARN_DIRECT_OBJC_ISA_USAGE = YES_ERROR;
				CLANG_WARN_OBJC_ROOT_CLASS = YES_ERROR;
				COMBINE_HIDPI_IMAGES = YES;
				FRAMEWORK_SEARCH_PATHS = (
					"$(DEVELOPER_FRAMEWORKS_DIR)",
					"$(inherited)",
				);
				GCC_PRECOMPILE_PREFIX_HEADER = YES;
				GCC_PREFIX_HEADER = "pokegui/pokegui-Prefix.pch";
				GCC_PREPROCESSOR_DEFINITIONS = (
					"DEBUG=1",
					"$(inherited)",
				);
				GCC_WARN_ABOUT_RETURN_TYPE = YES_ERROR;
				GCC_WARN_UNDECLARED_SELECTOR = YES;
				GCC_WARN_UNINITIALIZED_AUTOS = YES_AGGRESSIVE;
				GCC_WARN_UNUSED_FUNCTION = YES;
				INFOPLIST_FILE = "pokeguiTests/pokeguiTests-Info.plist";
				MACOSX_DEPLOYMENT_TARGET = 10.9;
				PRODUCT_NAME = "$(TARGET_NAME)";
				TEST_HOST = "$(BUNDLE_LOADER)";
				WRAPPER_EXTENSION = xctest;
			};
			name = Debug;
		};
		C5F849A61946C4410074DFCF /* Release */ = {
			isa = XCBuildConfiguration;
			buildSettings = {
				BUNDLE_LOADER = "$(BUILT_PRODUCTS_DIR)/pokegui.app/Contents/MacOS/pokegui";
				CLANG_ENABLE_MODULES = YES;
				CLANG_WARN_BOOL_CONVERSION = YES;
				CLANG_WARN_DIRECT_OBJC_ISA_USAGE = YES_ERROR;
				CLANG_WARN_OBJC_ROOT_CLASS = YES_ERROR;
				COMBINE_HIDPI_IMAGES = YES;
				ENABLE_NS_ASSERTIONS = NO;
				FRAMEWORK_SEARCH_PATHS = (
					"$(DEVELOPER_FRAMEWORKS_DIR)",
					"$(inherited)",
				);
				GCC_PRECOMPILE_PREFIX_HEADER = YES;
				GCC_PREFIX_HEADER = "pokegui/pokegui-Prefix.pch";
				GCC_WARN_ABOUT_RETURN_TYPE = YES_ERROR;
				GCC_WARN_UNDECLARED_SELECTOR = YES;
				GCC_WARN_UNINITIALIZED_AUTOS = YES_AGGRESSIVE;
				GCC_WARN_UNUSED_FUNCTION = YES;
				INFOPLIST_FILE = "pokeguiTests/pokeguiTests-Info.plist";
				MACOSX_DEPLOYMENT_TARGET = 10.9;
				PRODUCT_NAME = "$(TARGET_NAME)";
				TEST_HOST = "$(BUNDLE_LOADER)";
				WRAPPER_EXTENSION = xctest;
			};
			name = Release;
		};
		C5F849E41946C84E0074DFCF /* Debug */ = {
			isa = XCBuildConfiguration;
			buildSettings = {
				ASSETCATALOG_COMPILER_APPICON_NAME = AppIcon;
				ASSETCATALOG_COMPILER_LAUNCHIMAGE_NAME = LaunchImage;
				CLANG_ENABLE_MODULES = YES;
				CLANG_WARN_BOOL_CONVERSION = YES;
				CLANG_WARN_DIRECT_OBJC_ISA_USAGE = YES_ERROR;
				CLANG_WARN_OBJC_ROOT_CLASS = YES_ERROR;
				"CODE_SIGN_IDENTITY[sdk=iphoneos*]" = "iPhone Developer";
				FRAMEWORK_SEARCH_PATHS = (
					"$(inherited)",
					"$(DEVELOPER_FRAMEWORKS_DIR)",
				);
				GCC_PRECOMPILE_PREFIX_HEADER = YES;
				GCC_PREFIX_HEADER = "PokemonThrowdown/PokemonThrowdown-Prefix.pch";
				GCC_PREPROCESSOR_DEFINITIONS = (
					"DEBUG=1",
					"$(inherited)",
				);
				GCC_WARN_ABOUT_RETURN_TYPE = YES_ERROR;
				GCC_WARN_UNDECLARED_SELECTOR = YES;
				GCC_WARN_UNINITIALIZED_AUTOS = YES_AGGRESSIVE;
				GCC_WARN_UNUSED_FUNCTION = YES;
				INFOPLIST_FILE = "PokemonThrowdown/PokemonThrowdown-Info.plist";
				IPHONEOS_DEPLOYMENT_TARGET = 7.1;
				PRODUCT_NAME = "$(TARGET_NAME)";
				SDKROOT = iphoneos;
				TARGETED_DEVICE_FAMILY = "1,2";
				WRAPPER_EXTENSION = app;
			};
			name = Debug;
		};
		C5F849E51946C84E0074DFCF /* Release */ = {
			isa = XCBuildConfiguration;
			buildSettings = {
				ASSETCATALOG_COMPILER_APPICON_NAME = AppIcon;
				ASSETCATALOG_COMPILER_LAUNCHIMAGE_NAME = LaunchImage;
				CLANG_ENABLE_MODULES = YES;
				CLANG_WARN_BOOL_CONVERSION = YES;
				CLANG_WARN_DIRECT_OBJC_ISA_USAGE = YES_ERROR;
				CLANG_WARN_OBJC_ROOT_CLASS = YES_ERROR;
				"CODE_SIGN_IDENTITY[sdk=iphoneos*]" = "iPhone Developer";
				ENABLE_NS_ASSERTIONS = NO;
				FRAMEWORK_SEARCH_PATHS = (
					"$(inherited)",
					"$(DEVELOPER_FRAMEWORKS_DIR)",
				);
				GCC_PRECOMPILE_PREFIX_HEADER = YES;
				GCC_PREFIX_HEADER = "PokemonThrowdown/PokemonThrowdown-Prefix.pch";
				GCC_WARN_ABOUT_RETURN_TYPE = YES_ERROR;
				GCC_WARN_UNDECLARED_SELECTOR = YES;
				GCC_WARN_UNINITIALIZED_AUTOS = YES_AGGRESSIVE;
				GCC_WARN_UNUSED_FUNCTION = YES;
				INFOPLIST_FILE = "PokemonThrowdown/PokemonThrowdown-Info.plist";
				IPHONEOS_DEPLOYMENT_TARGET = 7.1;
				PRODUCT_NAME = "$(TARGET_NAME)";
				SDKROOT = iphoneos;
				TARGETED_DEVICE_FAMILY = "1,2";
				VALIDATE_PRODUCT = YES;
				WRAPPER_EXTENSION = app;
			};
			name = Release;
		};
		C5F849E71946C84E0074DFCF /* Debug */ = {
			isa = XCBuildConfiguration;
			buildSettings = {
				BUNDLE_LOADER = "$(BUILT_PRODUCTS_DIR)/pokegui.app/Contents/MacOS/pokegui";
				CLANG_ENABLE_MODULES = YES;
				CLANG_WARN_BOOL_CONVERSION = YES;
				CLANG_WARN_DIRECT_OBJC_ISA_USAGE = YES_ERROR;
				CLANG_WARN_OBJC_ROOT_CLASS = YES_ERROR;
				FRAMEWORK_SEARCH_PATHS = (
					"$(SDKROOT)/Developer/Library/Frameworks",
					"$(inherited)",
					"$(DEVELOPER_FRAMEWORKS_DIR)",
				);
				GCC_PRECOMPILE_PREFIX_HEADER = YES;
				GCC_PREFIX_HEADER = "PokemonThrowdown/PokemonThrowdown-Prefix.pch";
				GCC_PREPROCESSOR_DEFINITIONS = (
					"DEBUG=1",
					"$(inherited)",
				);
				GCC_WARN_ABOUT_RETURN_TYPE = YES_ERROR;
				GCC_WARN_UNDECLARED_SELECTOR = YES;
				GCC_WARN_UNINITIALIZED_AUTOS = YES_AGGRESSIVE;
				GCC_WARN_UNUSED_FUNCTION = YES;
				INFOPLIST_FILE = "PokemonThrowdownTests/PokemonThrowdownTests-Info.plist";
				IPHONEOS_DEPLOYMENT_TARGET = 7.1;
				PRODUCT_NAME = "$(TARGET_NAME)";
				SDKROOT = iphoneos;
				TEST_HOST = "$(BUNDLE_LOADER)";
				WRAPPER_EXTENSION = xctest;
			};
			name = Debug;
		};
		C5F849E81946C84E0074DFCF /* Release */ = {
			isa = XCBuildConfiguration;
			buildSettings = {
				BUNDLE_LOADER = "$(BUILT_PRODUCTS_DIR)/pokegui.app/Contents/MacOS/pokegui";
				CLANG_ENABLE_MODULES = YES;
				CLANG_WARN_BOOL_CONVERSION = YES;
				CLANG_WARN_DIRECT_OBJC_ISA_USAGE = YES_ERROR;
				CLANG_WARN_OBJC_ROOT_CLASS = YES_ERROR;
				ENABLE_NS_ASSERTIONS = NO;
				FRAMEWORK_SEARCH_PATHS = (
					"$(SDKROOT)/Developer/Library/Frameworks",
					"$(inherited)",
					"$(DEVELOPER_FRAMEWORKS_DIR)",
				);
				GCC_PRECOMPILE_PREFIX_HEADER = YES;
				GCC_PREFIX_HEADER = "PokemonThrowdown/PokemonThrowdown-Prefix.pch";
				GCC_WARN_ABOUT_RETURN_TYPE = YES_ERROR;
				GCC_WARN_UNDECLARED_SELECTOR = YES;
				GCC_WARN_UNINITIALIZED_AUTOS = YES_AGGRESSIVE;
				GCC_WARN_UNUSED_FUNCTION = YES;
				INFOPLIST_FILE = "PokemonThrowdownTests/PokemonThrowdownTests-Info.plist";
				IPHONEOS_DEPLOYMENT_TARGET = 7.1;
				PRODUCT_NAME = "$(TARGET_NAME)";
				SDKROOT = iphoneos;
				TEST_HOST = "$(BUNDLE_LOADER)";
				VALIDATE_PRODUCT = YES;
				WRAPPER_EXTENSION = xctest;
			};
			name = Release;
		};
/* End XCBuildConfiguration section */

/* Begin XCConfigurationList section */
		C5D1865B17B1BE73003709FB /* Build configuration list for PBXProject "pokemongame" */ = {
			isa = XCConfigurationList;
			buildConfigurations = (
				C5D1866717B1BE73003709FB /* Debug */,
				C5D1866817B1BE73003709FB /* Release */,
			);
			defaultConfigurationIsVisible = 0;
			defaultConfigurationName = Release;
		};
		C5D1866917B1BE73003709FB /* Build configuration list for PBXNativeTarget "pokemongame" */ = {
			isa = XCConfigurationList;
			buildConfigurations = (
				C5D1866A17B1BE73003709FB /* Debug */,
				C5D1866B17B1BE73003709FB /* Release */,
			);
			defaultConfigurationIsVisible = 0;
			defaultConfigurationName = Release;
		};
		C5F849A11946C4410074DFCF /* Build configuration list for PBXNativeTarget "pokegui" */ = {
			isa = XCConfigurationList;
			buildConfigurations = (
				C5F849A21946C4410074DFCF /* Debug */,
				C5F849A31946C4410074DFCF /* Release */,
			);
			defaultConfigurationIsVisible = 0;
			defaultConfigurationName = Release;
		};
		C5F849A41946C4410074DFCF /* Build configuration list for PBXNativeTarget "pokeguiTests" */ = {
			isa = XCConfigurationList;
			buildConfigurations = (
				C5F849A51946C4410074DFCF /* Debug */,
				C5F849A61946C4410074DFCF /* Release */,
			);
			defaultConfigurationIsVisible = 0;
			defaultConfigurationName = Release;
		};
		C5F849E31946C84E0074DFCF /* Build configuration list for PBXNativeTarget "PokemonThrowdown" */ = {
			isa = XCConfigurationList;
			buildConfigurations = (
				C5F849E41946C84E0074DFCF /* Debug */,
				C5F849E51946C84E0074DFCF /* Release */,
			);
			defaultConfigurationIsVisible = 0;
			defaultConfigurationName = Release;
		};
		C5F849E61946C84E0074DFCF /* Build configuration list for PBXNativeTarget "PokemonThrowdownTests" */ = {
			isa = XCConfigurationList;
			buildConfigurations = (
				C5F849E71946C84E0074DFCF /* Debug */,
				C5F849E81946C84E0074DFCF /* Release */,
			);
			defaultConfigurationIsVisible = 0;
			defaultConfigurationName = Release;
		};
/* End XCConfigurationList section */
	};
	rootObject = C5D1865817B1BE73003709FB /* Project object */;
}
